
Microsoft Visual Studio Solution File, Format Version 12.00
# Visual Studio Version 17
VisualStudioVersion = 17.5.33414.496
MinimumVisualStudioVersion = 10.0.40219.1
Project("{9A19103F-16F7-4668-BE54-9A1E7A4F7556}") = "SQS-Data_Collector", "SQS-Data_Collector.csproj", "{0261ADF9-858D-4321-B743-3B2B77D8E16F}"
EndProject
Global
	GlobalSection(SolutionConfigurationPlatforms) = preSolution
		Debug|Any CPU = Debug|Any CPU
		Release|Any CPU = Release|Any CPU
	EndGlobalSection
	GlobalSection(ProjectConfigurationPlatforms) = postSolution
		{0261ADF9-858D-4321-B743-3B2B77D8E16F}.Debug|Any CPU.ActiveCfg = Debug|Any CPU
		{0261ADF9-858D-4321-B743-3B2B77D8E16F}.Debug|Any CPU.Build.0 = Debug|Any CPU
		{0261ADF9-858D-4321-B743-3B2B77D8E16F}.Release|Any CPU.ActiveCfg = Release|Any CPU
		{0261ADF9-858D-4321-B743-3B2B77D8E16F}.Release|Any CPU.Build.0 = Release|Any CPU
	EndGlobalSection
	GlobalSection(SolutionProperties) = preSolution
		HideSolutionNode = FALSE
	EndGlobalSection
	GlobalSection(ExtensibilityGlobals) = postSolution
		SolutionGuid = {419FBCA1-852D-4843-92A0-E9530309AAA3}
	EndGlobalSection
EndGlobal
